Microsoft Visual Studio Solution File, Format Version 12.00
# Visual Studio 15
VisualStudioVersion = 15.0.27004.2008
MinimumVisualStudioVersion = 10.0.40219.1
Project("{FAE04EC0-301F-11D3-BF4B-00C04F79EFBC}") = "Aardvark.Algodat.Tests", "Aardvark.Algodat.Tests\Aardvark.Algodat.Tests.csproj", "{615830C5-5D54-41D4-A845-9B39973A4636}"
EndProject
Project("{9A19103F-16F7-4668-BE54-9A1E7A4F7556}") = "Aardvark.Geometry.PointTree", "Aardvark.Geometry.PointTree\Aardvark.Geometry.PointTree.csproj", "{765878C0-43E4-4E7F-BEEB-B32E7E0DD01A}"
EndProject
Project("{9A19103F-16F7-4668-BE54-9A1E7A4F7556}") = "Aardvark.Geometry.PointSet", "Aardvark.Geometry.PointSet\Aardvark.Geometry.PointSet.csproj", "{9976754A-07B4-489B-9C2C-0C3B848C1DF9}"
EndProject
Project("{9A19103F-16F7-4668-BE54-9A1E7A4F7556}") = "Aardvark.Data.E57", "Aardvark.Data.E57\Aardvark.Data.E57.csproj", "{A7247D3B-7CB6-428A-BFCC-97FEF89E55B6}"
EndProject
Project("{9A19103F-16F7-4668-BE54-9A1E7A4F7556}") = "Aardvark.Data.Points.Ascii", "Aardvark.Data.Points.Ascii\Aardvark.Data.Points.Ascii.csproj", "{D0A7BCDA-EAFD-4369-B904-E654FCF6E28F}"
EndProject
Project("{9A19103F-16F7-4668-BE54-9A1E7A4F7556}") = "Aardvark.Data.Points.Base", "Aardvark.Data.Points.Base\Aardvark.Data.Points.Base.csproj", "{ED56D68D-7032-4913-AE15-215309D17E38}"
EndProject
Project("{9A19103F-16F7-4668-BE54-9A1E7A4F7556}") = "Aardvark.Geometry.BspTree", "Aardvark.Geometry.BspTree\Aardvark.Geometry.BspTree.csproj", "{283E406E-5598-4619-958E-214AEB13EB08}"
EndProject
Project("{9A19103F-16F7-4668-BE54-9A1E7A4F7556}") = "Aardvark.Geometry.Clustering", "Aardvark.Geometry.Clustering\Aardvark.Geometry.Clustering.csproj", "{EFD58A9E-0E33-47A8-84AB-429F9AA9B413}"
EndProject
Project("{9A19103F-16F7-4668-BE54-9A1E7A4F7556}") = "Aardvark.Geometry.Intersection", "Aardvark.Geometry.Intersection\Aardvark.Geometry.Intersection.csproj", "{A334BA00-4568-4454-BFB2-33148E7326B6}"
EndProject
Project("{9A19103F-16F7-4668-BE54-9A1E7A4F7556}") = "Aardvark.Geometry.PolyMesh", "Aardvark.Geometry.PolyMesh\Aardvark.Geometry.PolyMesh.csproj", "{1641094B-854E-499A-A5DB-3AB5C0D83747}"
EndProject
Project("{FAE04EC0-301F-11D3-BF4B-00C04F79EFBC}") = "Aardvark.Geometry.Normals", "Aardvark.Geometry.Normals\Aardvark.Geometry.Normals.csproj", "{E688A0DA-7BA8-4967-B63A-B8D1B70D7FEA}"
EndProject
Global
	GlobalSection(SolutionConfigurationPlatforms) = preSolution
		Debug|Any CPU = Debug|Any CPU
		Release|Any CPU = Release|Any CPU
	EndGlobalSection
	GlobalSection(ProjectConfigurationPlatforms) = postSolution
		{615830C5-5D54-41D4-A845-9B39973A4636}.Debug|Any CPU.ActiveCfg = Debug|Any CPU
		{615830C5-5D54-41D4-A845-9B39973A4636}.Debug|Any CPU.Build.0 = Debug|Any CPU
		{615830C5-5D54-41D4-A845-9B39973A4636}.Release|Any CPU.ActiveCfg = Release|Any CPU
		{615830C5-5D54-41D4-A845-9B39973A4636}.Release|Any CPU.Build.0 = Release|Any CPU
		{765878C0-43E4-4E7F-BEEB-B32E7E0DD01A}.Debug|Any CPU.ActiveCfg = Debug|Any CPU
		{765878C0-43E4-4E7F-BEEB-B32E7E0DD01A}.Debug|Any CPU.Build.0 = Debug|Any CPU
		{765878C0-43E4-4E7F-BEEB-B32E7E0DD01A}.Release|Any CPU.ActiveCfg = Release|Any CPU
		{765878C0-43E4-4E7F-BEEB-B32E7E0DD01A}.Release|Any CPU.Build.0 = Release|Any CPU
		{9976754A-07B4-489B-9C2C-0C3B848C1DF9}.Debug|Any CPU.ActiveCfg = Debug|Any CPU
		{9976754A-07B4-489B-9C2C-0C3B848C1DF9}.Debug|Any CPU.Build.0 = Debug|Any CPU
		{9976754A-07B4-489B-9C2C-0C3B848C1DF9}.Release|Any CPU.ActiveCfg = Release|Any CPU
		{9976754A-07B4-489B-9C2C-0C3B848C1DF9}.Release|Any CPU.Build.0 = Release|Any CPU
		{A7247D3B-7CB6-428A-BFCC-97FEF89E55B6}.Debug|Any CPU.ActiveCfg = Debug|Any CPU
		{A7247D3B-7CB6-428A-BFCC-97FEF89E55B6}.Debug|Any CPU.Build.0 = Debug|Any CPU
		{A7247D3B-7CB6-428A-BFCC-97FEF89E55B6}.Release|Any CPU.ActiveCfg = Release|Any CPU
		{A7247D3B-7CB6-428A-BFCC-97FEF89E55B6}.Release|Any CPU.Build.0 = Release|Any CPU
		{D0A7BCDA-EAFD-4369-B904-E654FCF6E28F}.Debug|Any CPU.ActiveCfg = Debug|Any CPU
		{D0A7BCDA-EAFD-4369-B904-E654FCF6E28F}.Debug|Any CPU.Build.0 = Debug|Any CPU
		{D0A7BCDA-EAFD-4369-B904-E654FCF6E28F}.Release|Any CPU.ActiveCfg = Release|Any CPU
		{D0A7BCDA-EAFD-4369-B904-E654FCF6E28F}.Release|Any CPU.Build.0 = Release|Any CPU
		{ED56D68D-7032-4913-AE15-215309D17E38}.Debug|Any CPU.ActiveCfg = Debug|Any CPU
		{ED56D68D-7032-4913-AE15-215309D17E38}.Debug|Any CPU.Build.0 = Debug|Any CPU
		{ED56D68D-7032-4913-AE15-215309D17E38}.Release|Any CPU.ActiveCfg = Release|Any CPU
		{ED56D68D-7032-4913-AE15-215309D17E38}.Release|Any CPU.Build.0 = Release|Any CPU
		{283E406E-5598-4619-958E-214AEB13EB08}.Debug|Any CPU.ActiveCfg = Debug|Any CPU
		{283E406E-5598-4619-958E-214AEB13EB08}.Debug|Any CPU.Build.0 = Debug|Any CPU
		{283E406E-5598-4619-958E-214AEB13EB08}.Release|Any CPU.ActiveCfg = Release|Any CPU
		{283E406E-5598-4619-958E-214AEB13EB08}.Release|Any CPU.Build.0 = Release|Any CPU
		{EFD58A9E-0E33-47A8-84AB-429F9AA9B413}.Debug|Any CPU.ActiveCfg = Debug|Any CPU
		{EFD58A9E-0E33-47A8-84AB-429F9AA9B413}.Debug|Any CPU.Build.0 = Debug|Any CPU
		{EFD58A9E-0E33-47A8-84AB-429F9AA9B413}.Release|Any CPU.ActiveCfg = Release|Any CPU
		{EFD58A9E-0E33-47A8-84AB-429F9AA9B413}.Release|Any CPU.Build.0 = Release|Any CPU
		{A334BA00-4568-4454-BFB2-33148E7326B6}.Debug|Any CPU.ActiveCfg = Debug|Any CPU
		{A334BA00-4568-4454-BFB2-33148E7326B6}.Debug|Any CPU.Build.0 = Debug|Any CPU
		{A334BA00-4568-4454-BFB2-33148E7326B6}.Release|Any CPU.ActiveCfg = Release|Any CPU
		{A334BA00-4568-4454-BFB2-33148E7326B6}.Release|Any CPU.Build.0 = Release|Any CPU
		{1641094B-854E-499A-A5DB-3AB5C0D83747}.Debug|Any CPU.ActiveCfg = Debug|Any CPU
		{1641094B-854E-499A-A5DB-3AB5C0D83747}.Debug|Any CPU.Build.0 = Debug|Any CPU
		{1641094B-854E-499A-A5DB-3AB5C0D83747}.Release|Any CPU.ActiveCfg = Release|Any CPU
		{1641094B-854E-499A-A5DB-3AB5C0D83747}.Release|Any CPU.Build.0 = Release|Any CPU
		{E688A0DA-7BA8-4967-B63A-B8D1B70D7FEA}.Debug|Any CPU.ActiveCfg = Debug|Any CPU
		{E688A0DA-7BA8-4967-B63A-B8D1B70D7FEA}.Debug|Any CPU.Build.0 = Debug|Any CPU
		{E688A0DA-7BA8-4967-B63A-B8D1B70D7FEA}.Release|Any CPU.ActiveCfg = Release|Any CPU
		{E688A0DA-7BA8-4967-B63A-B8D1B70D7FEA}.Release|Any CPU.Build.0 = Release|Any CPU
	EndGlobalSection
	GlobalSection(SolutionProperties) = preSolution
		HideSolutionNode = FALSE
	EndGlobalSection
	GlobalSection(ExtensibilityGlobals) = postSolution
		SolutionGuid = {E996B5E6-49B2-4479-9DDE-455A40509F43}
		EnterpriseLibraryConfigurationToolBinariesPathV6 = packages\EnterpriseLibrary.TransientFaultHandling.6.0.1304.0\lib\portable-net45+win+wp8;packages\EnterpriseLibrary.TransientFaultHandling.Data.6.0.1304.1\lib\NET45
	EndGlobalSection
EndGlobal
