Microsoft Visual Studio Solution File, Format Version 12.00
# Visual Studio Version 17
VisualStudioVersion = 17.1.31911.260
MinimumVisualStudioVersion = 10.0.40219.1
Project("{9A19103F-16F7-4668-BE54-9A1E7A4F7556}") = "Aardvark.Geometry.PointTree", "Aardvark.Geometry.PointTree\Aardvark.Geometry.PointTree.csproj", "{765878C0-43E4-4E7F-BEEB-B32E7E0DD01A}"
EndProject
Project("{9A19103F-16F7-4668-BE54-9A1E7A4F7556}") = "Aardvark.Geometry.PointSet", "Aardvark.Geometry.PointSet\Aardvark.Geometry.PointSet.csproj", "{9976754A-07B4-489B-9C2C-0C3B848C1DF9}"
EndProject
Project("{9A19103F-16F7-4668-BE54-9A1E7A4F7556}") = "Aardvark.Data.E57", "Aardvark.Data.E57\Aardvark.Data.E57.csproj", "{A7247D3B-7CB6-428A-BFCC-97FEF89E55B6}"
EndProject
Project("{9A19103F-16F7-4668-BE54-9A1E7A4F7556}") = "Aardvark.Data.Points.Ascii", "Aardvark.Data.Points.Ascii\Aardvark.Data.Points.Ascii.csproj", "{D0A7BCDA-EAFD-4369-B904-E654FCF6E28F}"
EndProject
Project("{9A19103F-16F7-4668-BE54-9A1E7A4F7556}") = "Aardvark.Data.Points.Base", "Aardvark.Data.Points.Base\Aardvark.Data.Points.Base.csproj", "{ED56D68D-7032-4913-AE15-215309D17E38}"
EndProject
Project("{9A19103F-16F7-4668-BE54-9A1E7A4F7556}") = "Aardvark.Geometry.BspTree", "Aardvark.Geometry.BspTree\Aardvark.Geometry.BspTree.csproj", "{283E406E-5598-4619-958E-214AEB13EB08}"
EndProject
Project("{9A19103F-16F7-4668-BE54-9A1E7A4F7556}") = "Aardvark.Geometry.Clustering", "Aardvark.Geometry.Clustering\Aardvark.Geometry.Clustering.csproj", "{EFD58A9E-0E33-47A8-84AB-429F9AA9B413}"
EndProject
Project("{9A19103F-16F7-4668-BE54-9A1E7A4F7556}") = "Aardvark.Geometry.Intersection", "Aardvark.Geometry.Intersection\Aardvark.Geometry.Intersection.csproj", "{A334BA00-4568-4454-BFB2-33148E7326B6}"
EndProject
Project("{9A19103F-16F7-4668-BE54-9A1E7A4F7556}") = "Aardvark.Geometry.PolyMesh", "Aardvark.Geometry.PolyMesh\Aardvark.Geometry.PolyMesh.csproj", "{1641094B-854E-499A-A5DB-3AB5C0D83747}"
EndProject
Project("{6EC3EE1D-3C4E-46DD-8F32-0CC8E7565705}") = "Aardvark.Rendering.PointSet", "Aardvark.Rendering.PointSet\Aardvark.Rendering.PointSet.fsproj", "{DD0102C4-3B12-4221-9FB5-24150A06FCE1}"
EndProject
Project("{2150E333-8FDC-42A3-9474-1A3956D46DE8}") = "Apps", "Apps", "{6CA9BC7A-0123-43E9-A26B-5FF0B9E01B08}"
EndProject
Project("{6EC3EE1D-3C4E-46DD-8F32-0CC8E7565705}") = "Viewer", "Apps\Viewer\Viewer.fsproj", "{546BBC98-C84E-4382-AF5B-06954478F059}"
EndProject
Project("{6EC3EE1D-3C4E-46DD-8F32-0CC8E7565705}") = "Aardvark.Geodetics", "Aardvark.Geodetics\Aardvark.Geodetics.fsproj", "{011F2A1E-C83E-4E20-9F1C-4AEDC4C37135}"
EndProject
Project("{6EC3EE1D-3C4E-46DD-8F32-0CC8E7565705}") = "Geodetics", "Apps\Geodetics\Geodetics.fsproj", "{C83CAE2F-BAC5-4483-B68D-99C811FCD17D}"
EndProject
Project("{9A19103F-16F7-4668-BE54-9A1E7A4F7556}") = "Aardvark.Algodat.Tests", "Aardvark.Algodat.Tests\Aardvark.Algodat.Tests.csproj", "{FE7BE6D5-A6D0-46E9-9D67-FAC11042EBBB}"
EndProject
Project("{9A19103F-16F7-4668-BE54-9A1E7A4F7556}") = "Aardvark.Geometry.Normals", "Aardvark.Geometry.Normals\Aardvark.Geometry.Normals.csproj", "{359CF793-3CF3-407D-9381-9FAA2C67835E}"
EndProject
Project("{9A19103F-16F7-4668-BE54-9A1E7A4F7556}") = "ImportTest", "Apps\ImportTest\ImportTest.csproj", "{0595D792-52A4-4DE1-A39F-6A99D199471A}"
EndProject
Project("{9A19103F-16F7-4668-BE54-9A1E7A4F7556}") = "Aardvark.Data.Photometry", "Aardvark.Data.Photometry\Aardvark.Data.Photometry.csproj", "{9CCC776B-46E0-453F-BF24-BC85D0979067}"
EndProject
Project("{9A19103F-16F7-4668-BE54-9A1E7A4F7556}") = "Aardvark.Physics.Sky", "Aardvark.Physics.Sky\Aardvark.Physics.Sky.csproj", "{00D02F5B-5278-4867-9F55-777ACF03EB1E}"
EndProject
Project("{9A19103F-16F7-4668-BE54-9A1E7A4F7556}") = "Aardvark.Data.Points.LasZip", "Aardvark.Data.Points.LasZip\Aardvark.Data.Points.LasZip.csproj", "{997D436A-6A9F-4C2E-8D71-39410CC1EDF2}"
EndProject
Project("{6EC3EE1D-3C4E-46DD-8F32-0CC8E7565705}") = "heracli", "Apps\heracli\heracli.fsproj", "{99385BC2-B716-47EF-96F0-090D82E4F506}"
EndProject
Project("{6EC3EE1D-3C4E-46DD-8F32-0CC8E7565705}") = "HeraViewer", "Apps\HeraViewer\HeraViewer.fsproj", "{85F64ED4-AAA6-4EEF-BC97-ED5E65839FD7}"
EndProject
Project("{9A19103F-16F7-4668-BE54-9A1E7A4F7556}") = "Scratch", "Apps\Scratch\Scratch.csproj", "{5CA8E4F4-E30B-4FC8-A510-A0FFD8A9880B}"
EndProject
Project("{2150E333-8FDC-42A3-9474-1A3956D46DE8}") = "_", "_", "{94A7BC5F-B1F0-4A95-A3C7-F0EE5395CED4}"
	ProjectSection(SolutionItems) = preProject
		.editorconfig = .editorconfig
		..\.gitignore = ..\.gitignore
		..\.travis.yml = ..\.travis.yml
		..\build.cmd = ..\build.cmd
		..\build.fsx = ..\build.fsx
		..\build.sh = ..\build.sh
		..\deploy.targets = ..\deploy.targets
		..\import = ..\import
		..\import.cmd = ..\import.cmd
		..\ImportTest.cmd = ..\ImportTest.cmd
		..\LICENSE = ..\LICENSE
		..\paket.dependencies = ..\paket.dependencies
		..\paket.lock = ..\paket.lock
		..\points.cmd = ..\points.cmd
		..\README.md = ..\README.md
		..\RELEASE_NOTES.md = ..\RELEASE_NOTES.md
		..\viewer.cmd = ..\viewer.cmd
	EndProjectSection
EndProject
Project("{9A19103F-16F7-4668-BE54-9A1E7A4F7556}") = "Ply.Net", "Ply.Net\Ply.Net.csproj", "{DF685105-49D3-4440-BD3D-2A318F6CFC12}"
EndProject
Project("{9A19103F-16F7-4668-BE54-9A1E7A4F7556}") = "Aardvark.Data.Points.Ply", "Aardvark.Data.Points.Ply\Aardvark.Data.Points.Ply.csproj", "{7E5CEB6E-F437-47D9-905B-FDEEABC9D19D}"
EndProject
Project("{9A19103F-16F7-4668-BE54-9A1E7A4F7556}") = "Aardvark.Data.Wavefront", "Aardvark.Data.Wavefront\Aardvark.Data.Wavefront.csproj", "{7C25100A-8774-422C-90FB-FA113F798CB4}"
EndProject
Project("{9A19103F-16F7-4668-BE54-9A1E7A4F7556}") = "Unofficial.laszip.netstandard", "Unofficial.laszip.netstandard\Unofficial.laszip.netstandard.csproj", "{AC84C458-5A8A-4EC9-A1B3-15CC52DA2E91}"
EndProject
Project("{9A19103F-16F7-4668-BE54-9A1E7A4F7556}") = "import", "import\import.csproj", "{000B3CDA-C67B-4F6A-B6F8-69A1B5052343}"
EndProject
Project("{F2A71F9B-5D33-465A-A702-920D77279786}") = "ScratchFSharp", "Apps\ScratchFSharp\ScratchFSharp.fsproj", "{E5B3A633-A8F4-4D56-BB64-4A885E22B3B2}"
EndProject
Global
	GlobalSection(SolutionConfigurationPlatforms) = preSolution
		Debug|Any CPU = Debug|Any CPU
		Release|Any CPU = Release|Any CPU
	EndGlobalSection
	GlobalSection(ProjectConfigurationPlatforms) = postSolution
		{765878C0-43E4-4E7F-BEEB-B32E7E0DD01A}.Debug|Any CPU.ActiveCfg = Debug|Any CPU
		{765878C0-43E4-4E7F-BEEB-B32E7E0DD01A}.Debug|Any CPU.Build.0 = Debug|Any CPU
		{765878C0-43E4-4E7F-BEEB-B32E7E0DD01A}.Release|Any CPU.ActiveCfg = Release|Any CPU
		{765878C0-43E4-4E7F-BEEB-B32E7E0DD01A}.Release|Any CPU.Build.0 = Release|Any CPU
		{9976754A-07B4-489B-9C2C-0C3B848C1DF9}.Debug|Any CPU.ActiveCfg = Debug|Any CPU
		{9976754A-07B4-489B-9C2C-0C3B848C1DF9}.Debug|Any CPU.Build.0 = Debug|Any CPU
		{9976754A-07B4-489B-9C2C-0C3B848C1DF9}.Release|Any CPU.ActiveCfg = Release|Any CPU
		{9976754A-07B4-489B-9C2C-0C3B848C1DF9}.Release|Any CPU.Build.0 = Release|Any CPU
		{A7247D3B-7CB6-428A-BFCC-97FEF89E55B6}.Debug|Any CPU.ActiveCfg = Debug|Any CPU
		{A7247D3B-7CB6-428A-BFCC-97FEF89E55B6}.Debug|Any CPU.Build.0 = Debug|Any CPU
		{A7247D3B-7CB6-428A-BFCC-97FEF89E55B6}.Release|Any CPU.ActiveCfg = Release|Any CPU
		{A7247D3B-7CB6-428A-BFCC-97FEF89E55B6}.Release|Any CPU.Build.0 = Release|Any CPU
		{D0A7BCDA-EAFD-4369-B904-E654FCF6E28F}.Debug|Any CPU.ActiveCfg = Debug|Any CPU
		{D0A7BCDA-EAFD-4369-B904-E654FCF6E28F}.Debug|Any CPU.Build.0 = Debug|Any CPU
		{D0A7BCDA-EAFD-4369-B904-E654FCF6E28F}.Release|Any CPU.ActiveCfg = Release|Any CPU
		{D0A7BCDA-EAFD-4369-B904-E654FCF6E28F}.Release|Any CPU.Build.0 = Release|Any CPU
		{ED56D68D-7032-4913-AE15-215309D17E38}.Debug|Any CPU.ActiveCfg = Debug|Any CPU
		{ED56D68D-7032-4913-AE15-215309D17E38}.Debug|Any CPU.Build.0 = Debug|Any CPU
		{ED56D68D-7032-4913-AE15-215309D17E38}.Release|Any CPU.ActiveCfg = Release|Any CPU
		{ED56D68D-7032-4913-AE15-215309D17E38}.Release|Any CPU.Build.0 = Release|Any CPU
		{283E406E-5598-4619-958E-214AEB13EB08}.Debug|Any CPU.ActiveCfg = Debug|Any CPU
		{283E406E-5598-4619-958E-214AEB13EB08}.Debug|Any CPU.Build.0 = Debug|Any CPU
		{283E406E-5598-4619-958E-214AEB13EB08}.Release|Any CPU.ActiveCfg = Release|Any CPU
		{283E406E-5598-4619-958E-214AEB13EB08}.Release|Any CPU.Build.0 = Release|Any CPU
		{EFD58A9E-0E33-47A8-84AB-429F9AA9B413}.Debug|Any CPU.ActiveCfg = Debug|Any CPU
		{EFD58A9E-0E33-47A8-84AB-429F9AA9B413}.Debug|Any CPU.Build.0 = Debug|Any CPU
		{EFD58A9E-0E33-47A8-84AB-429F9AA9B413}.Release|Any CPU.ActiveCfg = Release|Any CPU
		{EFD58A9E-0E33-47A8-84AB-429F9AA9B413}.Release|Any CPU.Build.0 = Release|Any CPU
		{A334BA00-4568-4454-BFB2-33148E7326B6}.Debug|Any CPU.ActiveCfg = Debug|Any CPU
		{A334BA00-4568-4454-BFB2-33148E7326B6}.Debug|Any CPU.Build.0 = Debug|Any CPU
		{A334BA00-4568-4454-BFB2-33148E7326B6}.Release|Any CPU.ActiveCfg = Release|Any CPU
		{A334BA00-4568-4454-BFB2-33148E7326B6}.Release|Any CPU.Build.0 = Release|Any CPU
		{1641094B-854E-499A-A5DB-3AB5C0D83747}.Debug|Any CPU.ActiveCfg = Debug|Any CPU
		{1641094B-854E-499A-A5DB-3AB5C0D83747}.Debug|Any CPU.Build.0 = Debug|Any CPU
		{1641094B-854E-499A-A5DB-3AB5C0D83747}.Release|Any CPU.ActiveCfg = Release|Any CPU
		{1641094B-854E-499A-A5DB-3AB5C0D83747}.Release|Any CPU.Build.0 = Release|Any CPU
		{DD0102C4-3B12-4221-9FB5-24150A06FCE1}.Debug|Any CPU.ActiveCfg = Debug|Any CPU
		{DD0102C4-3B12-4221-9FB5-24150A06FCE1}.Debug|Any CPU.Build.0 = Debug|Any CPU
		{DD0102C4-3B12-4221-9FB5-24150A06FCE1}.Release|Any CPU.ActiveCfg = Release|Any CPU
		{DD0102C4-3B12-4221-9FB5-24150A06FCE1}.Release|Any CPU.Build.0 = Release|Any CPU
		{546BBC98-C84E-4382-AF5B-06954478F059}.Debug|Any CPU.ActiveCfg = Debug|Any CPU
		{546BBC98-C84E-4382-AF5B-06954478F059}.Debug|Any CPU.Build.0 = Debug|Any CPU
		{546BBC98-C84E-4382-AF5B-06954478F059}.Release|Any CPU.ActiveCfg = Release|Any CPU
		{546BBC98-C84E-4382-AF5B-06954478F059}.Release|Any CPU.Build.0 = Release|Any CPU
		{011F2A1E-C83E-4E20-9F1C-4AEDC4C37135}.Debug|Any CPU.ActiveCfg = Debug|Any CPU
		{011F2A1E-C83E-4E20-9F1C-4AEDC4C37135}.Debug|Any CPU.Build.0 = Debug|Any CPU
		{011F2A1E-C83E-4E20-9F1C-4AEDC4C37135}.Release|Any CPU.ActiveCfg = Release|Any CPU
		{011F2A1E-C83E-4E20-9F1C-4AEDC4C37135}.Release|Any CPU.Build.0 = Release|Any CPU
		{C83CAE2F-BAC5-4483-B68D-99C811FCD17D}.Debug|Any CPU.ActiveCfg = Debug|Any CPU
		{C83CAE2F-BAC5-4483-B68D-99C811FCD17D}.Debug|Any CPU.Build.0 = Debug|Any CPU
		{C83CAE2F-BAC5-4483-B68D-99C811FCD17D}.Release|Any CPU.ActiveCfg = Release|Any CPU
		{C83CAE2F-BAC5-4483-B68D-99C811FCD17D}.Release|Any CPU.Build.0 = Release|Any CPU
		{FE7BE6D5-A6D0-46E9-9D67-FAC11042EBBB}.Debug|Any CPU.ActiveCfg = Debug|Any CPU
		{FE7BE6D5-A6D0-46E9-9D67-FAC11042EBBB}.Debug|Any CPU.Build.0 = Debug|Any CPU
		{FE7BE6D5-A6D0-46E9-9D67-FAC11042EBBB}.Release|Any CPU.ActiveCfg = Release|Any CPU
		{FE7BE6D5-A6D0-46E9-9D67-FAC11042EBBB}.Release|Any CPU.Build.0 = Release|Any CPU
		{359CF793-3CF3-407D-9381-9FAA2C67835E}.Debug|Any CPU.ActiveCfg = Debug|Any CPU
		{359CF793-3CF3-407D-9381-9FAA2C67835E}.Debug|Any CPU.Build.0 = Debug|Any CPU
		{359CF793-3CF3-407D-9381-9FAA2C67835E}.Release|Any CPU.ActiveCfg = Release|Any CPU
		{359CF793-3CF3-407D-9381-9FAA2C67835E}.Release|Any CPU.Build.0 = Release|Any CPU
		{0595D792-52A4-4DE1-A39F-6A99D199471A}.Debug|Any CPU.ActiveCfg = Debug|Any CPU
		{0595D792-52A4-4DE1-A39F-6A99D199471A}.Debug|Any CPU.Build.0 = Debug|Any CPU
		{0595D792-52A4-4DE1-A39F-6A99D199471A}.Release|Any CPU.ActiveCfg = Release|Any CPU
		{0595D792-52A4-4DE1-A39F-6A99D199471A}.Release|Any CPU.Build.0 = Release|Any CPU
		{9CCC776B-46E0-453F-BF24-BC85D0979067}.Debug|Any CPU.ActiveCfg = Debug|Any CPU
		{9CCC776B-46E0-453F-BF24-BC85D0979067}.Debug|Any CPU.Build.0 = Debug|Any CPU
		{9CCC776B-46E0-453F-BF24-BC85D0979067}.Release|Any CPU.ActiveCfg = Release|Any CPU
		{9CCC776B-46E0-453F-BF24-BC85D0979067}.Release|Any CPU.Build.0 = Release|Any CPU
		{00D02F5B-5278-4867-9F55-777ACF03EB1E}.Debug|Any CPU.ActiveCfg = Debug|Any CPU
		{00D02F5B-5278-4867-9F55-777ACF03EB1E}.Debug|Any CPU.Build.0 = Debug|Any CPU
		{00D02F5B-5278-4867-9F55-777ACF03EB1E}.Release|Any CPU.ActiveCfg = Release|Any CPU
		{00D02F5B-5278-4867-9F55-777ACF03EB1E}.Release|Any CPU.Build.0 = Release|Any CPU
		{997D436A-6A9F-4C2E-8D71-39410CC1EDF2}.Debug|Any CPU.ActiveCfg = Debug|Any CPU
		{997D436A-6A9F-4C2E-8D71-39410CC1EDF2}.Debug|Any CPU.Build.0 = Debug|Any CPU
		{997D436A-6A9F-4C2E-8D71-39410CC1EDF2}.Release|Any CPU.ActiveCfg = Release|Any CPU
		{997D436A-6A9F-4C2E-8D71-39410CC1EDF2}.Release|Any CPU.Build.0 = Release|Any CPU
		{99385BC2-B716-47EF-96F0-090D82E4F506}.Debug|Any CPU.ActiveCfg = Debug|Any CPU
		{99385BC2-B716-47EF-96F0-090D82E4F506}.Debug|Any CPU.Build.0 = Debug|Any CPU
		{99385BC2-B716-47EF-96F0-090D82E4F506}.Release|Any CPU.ActiveCfg = Release|Any CPU
		{99385BC2-B716-47EF-96F0-090D82E4F506}.Release|Any CPU.Build.0 = Release|Any CPU
		{85F64ED4-AAA6-4EEF-BC97-ED5E65839FD7}.Debug|Any CPU.ActiveCfg = Debug|Any CPU
		{85F64ED4-AAA6-4EEF-BC97-ED5E65839FD7}.Debug|Any CPU.Build.0 = Debug|Any CPU
		{85F64ED4-AAA6-4EEF-BC97-ED5E65839FD7}.Release|Any CPU.ActiveCfg = Release|Any CPU
		{85F64ED4-AAA6-4EEF-BC97-ED5E65839FD7}.Release|Any CPU.Build.0 = Release|Any CPU
		{5CA8E4F4-E30B-4FC8-A510-A0FFD8A9880B}.Debug|Any CPU.ActiveCfg = Debug|Any CPU
		{5CA8E4F4-E30B-4FC8-A510-A0FFD8A9880B}.Debug|Any CPU.Build.0 = Debug|Any CPU
		{5CA8E4F4-E30B-4FC8-A510-A0FFD8A9880B}.Release|Any CPU.ActiveCfg = Release|Any CPU
		{5CA8E4F4-E30B-4FC8-A510-A0FFD8A9880B}.Release|Any CPU.Build.0 = Release|Any CPU
		{DF685105-49D3-4440-BD3D-2A318F6CFC12}.Debug|Any CPU.ActiveCfg = Debug|Any CPU
		{DF685105-49D3-4440-BD3D-2A318F6CFC12}.Debug|Any CPU.Build.0 = Debug|Any CPU
		{DF685105-49D3-4440-BD3D-2A318F6CFC12}.Release|Any CPU.ActiveCfg = Release|Any CPU
		{DF685105-49D3-4440-BD3D-2A318F6CFC12}.Release|Any CPU.Build.0 = Release|Any CPU
		{7E5CEB6E-F437-47D9-905B-FDEEABC9D19D}.Debug|Any CPU.ActiveCfg = Debug|Any CPU
		{7E5CEB6E-F437-47D9-905B-FDEEABC9D19D}.Debug|Any CPU.Build.0 = Debug|Any CPU
		{7E5CEB6E-F437-47D9-905B-FDEEABC9D19D}.Release|Any CPU.ActiveCfg = Release|Any CPU
		{7E5CEB6E-F437-47D9-905B-FDEEABC9D19D}.Release|Any CPU.Build.0 = Release|Any CPU
		{7C25100A-8774-422C-90FB-FA113F798CB4}.Debug|Any CPU.ActiveCfg = Debug|Any CPU
		{7C25100A-8774-422C-90FB-FA113F798CB4}.Debug|Any CPU.Build.0 = Debug|Any CPU
		{7C25100A-8774-422C-90FB-FA113F798CB4}.Release|Any CPU.ActiveCfg = Release|Any CPU
		{7C25100A-8774-422C-90FB-FA113F798CB4}.Release|Any CPU.Build.0 = Release|Any CPU
		{AC84C458-5A8A-4EC9-A1B3-15CC52DA2E91}.Debug|Any CPU.ActiveCfg = Debug|Any CPU
		{AC84C458-5A8A-4EC9-A1B3-15CC52DA2E91}.Debug|Any CPU.Build.0 = Debug|Any CPU
		{AC84C458-5A8A-4EC9-A1B3-15CC52DA2E91}.Release|Any CPU.ActiveCfg = Release|Any CPU
		{AC84C458-5A8A-4EC9-A1B3-15CC52DA2E91}.Release|Any CPU.Build.0 = Release|Any CPU
		{000B3CDA-C67B-4F6A-B6F8-69A1B5052343}.Debug|Any CPU.ActiveCfg = Debug|Any CPU
		{000B3CDA-C67B-4F6A-B6F8-69A1B5052343}.Debug|Any CPU.Build.0 = Debug|Any CPU
		{000B3CDA-C67B-4F6A-B6F8-69A1B5052343}.Release|Any CPU.ActiveCfg = Release|Any CPU
		{000B3CDA-C67B-4F6A-B6F8-69A1B5052343}.Release|Any CPU.Build.0 = Release|Any CPU
		{E5B3A633-A8F4-4D56-BB64-4A885E22B3B2}.Debug|Any CPU.ActiveCfg = Debug|Any CPU
		{E5B3A633-A8F4-4D56-BB64-4A885E22B3B2}.Debug|Any CPU.Build.0 = Debug|Any CPU
		{E5B3A633-A8F4-4D56-BB64-4A885E22B3B2}.Release|Any CPU.ActiveCfg = Release|Any CPU
		{E5B3A633-A8F4-4D56-BB64-4A885E22B3B2}.Release|Any CPU.Build.0 = Release|Any CPU
	EndGlobalSection
	GlobalSection(SolutionProperties) = preSolution
		HideSolutionNode = FALSE
	EndGlobalSection
	GlobalSection(NestedProjects) = preSolution
		{546BBC98-C84E-4382-AF5B-06954478F059} = {6CA9BC7A-0123-43E9-A26B-5FF0B9E01B08}
		{C83CAE2F-BAC5-4483-B68D-99C811FCD17D} = {6CA9BC7A-0123-43E9-A26B-5FF0B9E01B08}
		{0595D792-52A4-4DE1-A39F-6A99D199471A} = {6CA9BC7A-0123-43E9-A26B-5FF0B9E01B08}
		{99385BC2-B716-47EF-96F0-090D82E4F506} = {6CA9BC7A-0123-43E9-A26B-5FF0B9E01B08}
		{85F64ED4-AAA6-4EEF-BC97-ED5E65839FD7} = {6CA9BC7A-0123-43E9-A26B-5FF0B9E01B08}
		{5CA8E4F4-E30B-4FC8-A510-A0FFD8A9880B} = {6CA9BC7A-0123-43E9-A26B-5FF0B9E01B08}
		{000B3CDA-C67B-4F6A-B6F8-69A1B5052343} = {6CA9BC7A-0123-43E9-A26B-5FF0B9E01B08}
		{E5B3A633-A8F4-4D56-BB64-4A885E22B3B2} = {6CA9BC7A-0123-43E9-A26B-5FF0B9E01B08}
	EndGlobalSection
	GlobalSection(ExtensibilityGlobals) = postSolution
		EnterpriseLibraryConfigurationToolBinariesPathV6 = packages\EnterpriseLibrary.TransientFaultHandling.6.0.1304.0\lib\portable-net45+win+wp8;packages\EnterpriseLibrary.TransientFaultHandling.Data.6.0.1304.1\lib\NET45
		SolutionGuid = {E996B5E6-49B2-4479-9DDE-455A40509F43}
	EndGlobalSection
EndGlobal
